
Microsoft Visual Studio Solution File, Format Version 11.00
# Visual Studio 2010
Project("{8BC9CEB8-8B4A-11D0-8D11-00A0C91BC942}") = "TCPServer", "TCPServer\TCPServer.vcxproj", "{18D2F038-5843-4680-A955-02208551A297}"
EndProject
Global
	GlobalSection(SolutionConfigurationPlatforms) = preSolution
		Debug|Win32 = Debug|Win32
		Release|Win32 = Release|Win32
	EndGlobalSection
	GlobalSection(ProjectConfigurationPlatforms) = postSolution
		{18D2F038-5843-4680-A955-02208551A297}.Debug|Win32.ActiveCfg = Debug|Win32
		{18D2F038-5843-4680-A955-02208551A297}.Debug|Win32.Build.0 = Debug|Win32
		{18D2F038-5843-4680-A955-02208551A297}.Release|Win32.ActiveCfg = Release|Win32
		{18D2F038-5843-4680-A955-02208551A297}.Release|Win32.Build.0 = Release|Win32
	EndGlobalSection
	GlobalSection(SolutionProperties) = preSolution
		HideSolutionNode = FALSE
	EndGlobalSection
EndGlobal
